
Microsoft Visual Studio Solution File, Format Version 12.00
# Visual Studio Version 16
VisualStudioVersion = 16.0.31729.503
MinimumVisualStudioVersion = 10.0.40219.1
Project("{FAE04EC0-301F-11D3-BF4B-00C04F79EFBC}") = "CeleryApp", "CeleryApp\CeleryApp.csproj", "{AE227357-B773-4CA2-84BC-E813EF363942}"
EndProject
Global
	GlobalSection(SolutionConfigurationPlatforms) = preSolution
		Debug|Any CPU = Debug|Any CPU
		Release|Any CPU = Release|Any CPU
	EndGlobalSection
	GlobalSection(ProjectConfigurationPlatforms) = postSolution
		{AE227357-B773-4CA2-84BC-E813EF363942}.Debug|Any CPU.ActiveCfg = Debug|Any CPU
		{AE227357-B773-4CA2-84BC-E813EF363942}.Debug|Any CPU.Build.0 = Debug|Any CPU
		{AE227357-B773-4CA2-84BC-E813EF363942}.Release|Any CPU.ActiveCfg = Release|Any CPU
		{AE227357-B773-4CA2-84BC-E813EF363942}.Release|Any CPU.Build.0 = Release|Any CPU
	EndGlobalSection
	GlobalSection(SolutionProperties) = preSolution
		HideSolutionNode = FALSE
	EndGlobalSection
	GlobalSection(ExtensibilityGlobals) = postSolution
		SolutionGuid = {37D637E6-B3A4-490D-88FC-88DB288EF83C}
	EndGlobalSection
EndGlobal
